<?xml version="1.0" encoding="utf-8"?>
<Project ToolsVersion="4.0" xmlns="http://schemas.microsoft.com/developer/msbuild/2003">
  <ItemGroup>
    <Filter Include="Source Files">
      <UniqueIdentifier>{4FC737F1-C7A5-4376-A066-2A32D752A2FF}</UniqueIdentifier>
      <Extensions>cpp;c;cc;cxx;def;odl;idl;hpj;bat;asm;asmx</Extensions>
    </Filter>
    <Filter Include="Header Files">
      <UniqueIdentifier>{93995380-89BD-4b04-88EB-625FBE52EBFB}</UniqueIdentifier>
      <Extensions>h;hh;hpp;hxx;hm;inl;inc;xsd</Extensions>
    </Filter>
    <Filter Include="Resource Files">
      <UniqueIdentifier>{67DA6AB6-F800-4c08-8B7A-83BB121AAD01}</UniqueIdentifier>
      <Extensions>rc;ico;cur;bmp;dlg;rc2;rct;bin;rgs;gif;jpg;jpeg;jpe;resx;tiff;tif;png;wav;mfcribbon-ms</Extensions>
    </Filter>
    <Filter Include="Source Files\Map">
      <UniqueIdentifier>{b59db7c8-b687-4d62-b94e-23da06219825}</UniqueIdentifier>
    </Filter>
    <Filter Include="Source Files\Map\MapParts">
      <UniqueIdentifier>{03c5c2cb-d139-4158-ad27-de9fa061fcdc}</UniqueIdentifier>
    </Filter>
    <Filter Include="Header Files\Map">
      <UniqueIdentifier>{c0ab1461-038a-481d-81f2-0f7d448b7cbe}</UniqueIdentifier>
    </Filter>
    <Filter Include="Header Files\Map\MapParts">
      <UniqueIdentifier>{0f30a603-9eb7-42ea-8be4-2708fbca18de}</UniqueIdentifier>
    </Filter>
    <Filter Include="Source Files\Enemy">
      <UniqueIdentifier>{94eb7ef8-c145-4d30-86a7-d56877d82df6}</UniqueIdentifier>
    </Filter>
    <Filter Include="Header Files\Enemy">
      <UniqueIdentifier>{73f86596-cc3b-4882-843f-9736acf2851e}</UniqueIdentifier>
    </Filter>
    <Filter Include="Header Files\Items">
      <UniqueIdentifier>{b4c28afc-d309-4a56-a955-1971e6ba9d97}</UniqueIdentifier>
    </Filter>
    <Filter Include="Source Files\Items">
      <UniqueIdentifier>{10e88c23-dafc-4818-9286-0aa60763c1bd}</UniqueIdentifier>
    </Filter>
    <Filter Include="Source Files\Containers">
      <UniqueIdentifier>{038a2cad-5964-432e-a795-9dac806c0c90}</UniqueIdentifier>
    </Filter>
    <Filter Include="Header Files\Containers">
      <UniqueIdentifier>{ef3b94d1-bc18-415c-bde9-34fa6c3715b7}</UniqueIdentifier>
    </Filter>
    <Filter Include="Source Files\Tools">
      <UniqueIdentifier>{4bb6c64f-5b93-4c89-b23b-73a7b7430810}</UniqueIdentifier>
    </Filter>
    <Filter Include="Header Files\Tools">
      <UniqueIdentifier>{0bed75e6-e940-4bf8-bada-9f432d934c4d}</UniqueIdentifier>
    </Filter>
  </ItemGroup>
  <ItemGroup>
    <ClCompile Include="main.cpp">
      <Filter>Source Files</Filter>
    </ClCompile>
    <ClCompile Include="Game.cpp">
      <Filter>Source Files</Filter>
    </ClCompile>
    <ClCompile Include="Player.cpp">
      <Filter>Source Files</Filter>
    </ClCompile>
    <ClCompile Include="View.cpp">
      <Filter>Source Files</Filter>
    </ClCompile>
    <ClCompile Include="MapPart1.cpp">
      <Filter>Source Files\Map\MapParts</Filter>
    </ClCompile>
    <ClCompile Include="Map.cpp">
      <Filter>Source Files\Map</Filter>
    </ClCompile>
    <ClCompile Include="MapPart.cpp">
      <Filter>Source Files\Map</Filter>
    </ClCompile>
    <ClCompile Include="MapPartBuilder.cpp">
      <Filter>Source Files\Map</Filter>
    </ClCompile>
    <ClCompile Include="Platform.cpp">
      <Filter>Source Files\Map</Filter>
    </ClCompile>
    <ClCompile Include="Snowman.cpp">
      <Filter>Source Files\Enemy</Filter>
    </ClCompile>
    <ClCompile Include="Pinguin.cpp">
      <Filter>Source Files\Enemy</Filter>
    </ClCompile>
    <ClCompile Include="Enemy.cpp">
      <Filter>Source Files\Enemy</Filter>
    </ClCompile>
    <ClCompile Include="Weapon.cpp">
      <Filter>Source Files</Filter>
    </ClCompile>
    <ClCompile Include="Item.cpp">
      <Filter>Source Files\Items</Filter>
    </ClCompile>
    <ClCompile Include="Coin.cpp">
      <Filter>Source Files\Items</Filter>
    </ClCompile>
    <ClCompile Include="Upgrade.cpp">
      <Filter>Source Files\Items</Filter>
    </ClCompile>
    <ClCompile Include="MapPart2.cpp">
      <Filter>Source Files\Map\MapParts</Filter>
    </ClCompile>
    <ClCompile Include="MapPart3.cpp">
      <Filter>Source Files\Map\MapParts</Filter>
    </ClCompile>
    <ClCompile Include="MapPart4.cpp">
      <Filter>Source Files\Map\MapParts</Filter>
    </ClCompile>
    <ClCompile Include="CollidersDB.cpp">
      <Filter>Source Files\Containers</Filter>
    </ClCompile>
    <ClCompile Include="AssetLibrary.cpp">
      <Filter>Source Files\Containers</Filter>
    </ClCompile>
    <ClCompile Include="Animation.cpp">
      <Filter>Source Files\Tools</Filter>
    </ClCompile>
    <ClCompile Include="Collider.cpp">
      <Filter>Source Files\Tools</Filter>
    </ClCompile>
    <ClCompile Include="Cursor.cpp">
      <Filter>Source Files\Tools</Filter>
    </ClCompile>
    <ClCompile Include="Settings.cpp">
      <Filter>Source Files\Containers</Filter>
    </ClCompile>
    <ClCompile Include="UI.cpp">
      <Filter>Source Files</Filter>
    </ClCompile>
    <ClCompile Include="SnowBall.cpp">
      <Filter>Source Files</Filter>
    </ClCompile>
  </ItemGroup>
  <ItemGroup>
    <ClInclude Include="Game.h">
      <Filter>Header Files</Filter>
    </ClInclude>
    <ClInclude Include="Player.h">
      <Filter>Header Files</Filter>
    </ClInclude>
    <ClInclude Include="View.h">
      <Filter>Header Files</Filter>
    </ClInclude>
    <ClInclude Include="Weapon.h">
      <Filter>Header Files</Filter>
    </ClInclude>
    <ClInclude Include="MapPart1.h">
      <Filter>Header Files\Map\MapParts</Filter>
    </ClInclude>
    <ClInclude Include="MapPart.h">
      <Filter>Header Files\Map</Filter>
    </ClInclude>
    <ClInclude Include="Map.h">
      <Filter>Header Files\Map</Filter>
    </ClInclude>
    <ClInclude Include="MapPartBuilder.h">
      <Filter>Header Files\Map</Filter>
    </ClInclude>
    <ClInclude Include="Platform.h">
      <Filter>Header Files\Map</Filter>
    </ClInclude>
    <ClInclude Include="Enemy.h">
      <Filter>Header Files\Enemy</Filter>
    </ClInclude>
    <ClInclude Include="Pinguin.h">
      <Filter>Header Files\Enemy</Filter>
    </ClInclude>
    <ClInclude Include="Snowman.h">
      <Filter>Header Files\Enemy</Filter>
    </ClInclude>
    <ClInclude Include="Coin.h">
      <Filter>Header Files\Items</Filter>
    </ClInclude>
    <ClInclude Include="Item.h">
      <Filter>Header Files\Items</Filter>
    </ClInclude>
    <ClInclude Include="Upgrade.h">
      <Filter>Header Files\Items</Filter>
    </ClInclude>
    <ClInclude Include="MapPart2.h">
      <Filter>Header Files\Map\MapParts</Filter>
    </ClInclude>
    <ClInclude Include="MapPart3.h">
      <Filter>Header Files\Map\MapParts</Filter>
    </ClInclude>
    <ClInclude Include="MapPart4.h">
      <Filter>Header Files\Map\MapParts</Filter>
    </ClInclude>
    <ClInclude Include="AssetLibrary.h">
      <Filter>Header Files\Containers</Filter>
    </ClInclude>
    <ClInclude Include="CollidersDB.h">
      <Filter>Header Files\Containers</Filter>
    </ClInclude>
    <ClInclude Include="Animation.h">
      <Filter>Header Files\Tools</Filter>
    </ClInclude>
    <ClInclude Include="Collider.h">
      <Filter>Header Files\Tools</Filter>
    </ClInclude>
    <ClInclude Include="Cursor.h">
      <Filter>Header Files\Tools</Filter>
    </ClInclude>
    <ClInclude Include="Settings.h">
      <Filter>Header Files\Containers</Filter>
    </ClInclude>
    <ClInclude Include="UI.h">
      <Filter>Header Files</Filter>
    </ClInclude>
    <ClInclude Include="SnowBall.h">
      <Filter>Header Files</Filter>
    </ClInclude>
  </ItemGroup>
</Project>